{
    "_readme": [
        "This file locks the dependencies of your project to a known state",
        "Read more about it at https://getcomposer.org/doc/01-basic-usage.md#installing-dependencies",
        "This file is @generated automatically"
    ],
    "content-hash": "d1e2a199c3322b771d7ac21a201968d9",
    "packages": [],
    "packages-dev": [
        {
            "name": "laravel/pint",
            "version": "dev-main",
            "source": {
                "type": "git",
                "url": "https://github.com/laravel/pint.git",
                "reference": "e033004fec425aa5473e6ffe6a23391236abb6e0"
            },
            "dist": {
                "type": "zip",
                "url": "https://api.github.com/repos/laravel/pint/zipball/e033004fec425aa5473e6ffe6a23391236abb6e0",
                "reference": "e033004fec425aa5473e6ffe6a23391236abb6e0",
                "shasum": ""
            },
            "require": {
                "ext-json": "*",
                "ext-mbstring": "*",
                "ext-tokenizer": "*",
                "ext-xml": "*",
                "php": "^8.1.0"
            },
            "require-dev": {
                "friendsofphp/php-cs-fixer": "^3.16.0",
                "illuminate/view": "^10.5.1",
                "laravel-zero/framework": "^10.0.2",
                "mockery/mockery": "^1.5.1",
                "nunomaduro/larastan": "^2.5.1",
                "nunomaduro/termwind": "^1.15.1",
                "pestphp/pest": "^2.4.0"
            },
            "default-branch": true,
            "bin": [
                "builds/pint"
            ],
            "type": "project",
            "autoload": {
                "psr-4": {
                    "App\\": "app/",
                    "Database\\Seeders\\": "database/seeders/",
                    "Database\\Factories\\": "database/factories/"
                }
            },
            "notification-url": "https://packagist.org/downloads/",
            "license": [
                "MIT"
            ],
            "authors": [
                {
                    "name": "Nuno Maduro",
                    "email": "enunomaduro@gmail.com"
                }
            ],
            "description": "An opinionated code formatter for PHP.",
            "homepage": "https://laravel.com",
            "keywords": [
                "format",
                "formatter",
                "lint",
                "linter",
                "php"
            ],
            "support": {
                "issues": "https://github.com/laravel/pint/issues",
                "source": "https://github.com/laravel/pint"
            },
            "time": "2023-04-07T08:05:26+00:00"
        }
    ],
    "aliases": [],
    "minimum-stability": "dev",
    "stability-flags": {
        "laravel/pint": 20
    },
    "prefer-stable": true,
    "prefer-lowest": false,
    "platform": {
        "php": "^8.0"
    },
    "platform-dev": [],
    "plugin-api-version": "2.3.0"
}
